
Microsoft Visual Studio Solution File, Format Version 12.00
# Visual Studio 2013
VisualStudioVersion = 12.0.21005.1
MinimumVisualStudioVersion = 10.0.40219.1
Project("{FAE04EC0-301F-11D3-BF4B-00C04F79EFBC}") = "MilePost", "MilePost\MilePost.csproj", "{B9FBB7CB-3C00-473B-8A14-0E24A35078B8}"
EndProject
Project("{FAE04EC0-301F-11D3-BF4B-00C04F79EFBC}") = "MilePost.Web.DataAccess", "MilePost.Web.DataAccess\MilePost.Web.DataAccess.csproj", "{5B8FCC97-0DE5-4F18-87DD-82D62EE81A88}"
EndProject
Project("{FAE04EC0-301F-11D3-BF4B-00C04F79EFBC}") = "MilePost.Web.BusinessLogic", "MilePost.Web.BusinessLogic\MilePost.Web.BusinessLogic.csproj", "{D1B0E511-CEF5-4949-8CAD-FD0771DEEC39}"
EndProject
Project("{FAE04EC0-301F-11D3-BF4B-00C04F79EFBC}") = "MilePost.Web.BusinessEntity", "MilePost.Web.BusinessEntity\MilePost.Web.BusinessEntity.csproj", "{0835BBF2-B199-4C4A-B8EC-2885A72A298E}"
EndProject
Global
	GlobalSection(SolutionConfigurationPlatforms) = preSolution
		Debug|Any CPU = Debug|Any CPU
		Release|Any CPU = Release|Any CPU
	EndGlobalSection
	GlobalSection(ProjectConfigurationPlatforms) = postSolution
		{B9FBB7CB-3C00-473B-8A14-0E24A35078B8}.Debug|Any CPU.ActiveCfg = Debug|Any CPU
		{B9FBB7CB-3C00-473B-8A14-0E24A35078B8}.Debug|Any CPU.Build.0 = Debug|Any CPU
		{B9FBB7CB-3C00-473B-8A14-0E24A35078B8}.Release|Any CPU.ActiveCfg = Release|Any CPU
		{B9FBB7CB-3C00-473B-8A14-0E24A35078B8}.Release|Any CPU.Build.0 = Release|Any CPU
		{5B8FCC97-0DE5-4F18-87DD-82D62EE81A88}.Debug|Any CPU.ActiveCfg = Debug|Any CPU
		{5B8FCC97-0DE5-4F18-87DD-82D62EE81A88}.Debug|Any CPU.Build.0 = Debug|Any CPU
		{5B8FCC97-0DE5-4F18-87DD-82D62EE81A88}.Release|Any CPU.ActiveCfg = Release|Any CPU
		{5B8FCC97-0DE5-4F18-87DD-82D62EE81A88}.Release|Any CPU.Build.0 = Release|Any CPU
		{D1B0E511-CEF5-4949-8CAD-FD0771DEEC39}.Debug|Any CPU.ActiveCfg = Debug|Any CPU
		{D1B0E511-CEF5-4949-8CAD-FD0771DEEC39}.Debug|Any CPU.Build.0 = Debug|Any CPU
		{D1B0E511-CEF5-4949-8CAD-FD0771DEEC39}.Release|Any CPU.ActiveCfg = Release|Any CPU
		{D1B0E511-CEF5-4949-8CAD-FD0771DEEC39}.Release|Any CPU.Build.0 = Release|Any CPU
		{0835BBF2-B199-4C4A-B8EC-2885A72A298E}.Debug|Any CPU.ActiveCfg = Debug|Any CPU
		{0835BBF2-B199-4C4A-B8EC-2885A72A298E}.Debug|Any CPU.Build.0 = Debug|Any CPU
		{0835BBF2-B199-4C4A-B8EC-2885A72A298E}.Release|Any CPU.ActiveCfg = Release|Any CPU
		{0835BBF2-B199-4C4A-B8EC-2885A72A298E}.Release|Any CPU.Build.0 = Release|Any CPU
	EndGlobalSection
	GlobalSection(SolutionProperties) = preSolution
		HideSolutionNode = FALSE
	EndGlobalSection
EndGlobal
